<Solution>
  <Project Path="BooksArchive.Api/BooksArchive.Api.csproj" />
  <Project Path="BooksArchive.Domain/BooksArchive.Domain.csproj" Id="a5eae27a-0dec-4d2d-9e1e-1dec71a7c59b" />
  <Project Path="BooksArchive.Infra/BooksArchive.Infra.csproj" Id="ee823ccd-6003-48b2-8935-1a3c85d9f9b2" />
</Solution>
